
Microsoft Visual Studio Solution File, Format Version 12.00
# Visual Studio Version 17
VisualStudioVersion = 17.5.33424.131
MinimumVisualStudioVersion = 10.0.40219.1
Project("{FAE04EC0-301F-11D3-BF4B-00C04F79EFBC}") = "lab2", "lab2.csproj", "{61996733-21B7-41E0-9D76-136F83CE0815}"
EndProject
Global
	GlobalSection(SolutionConfigurationPlatforms) = preSolution
		Debug|Any CPU = Debug|Any CPU
		Release|Any CPU = Release|Any CPU
	EndGlobalSection
	GlobalSection(ProjectConfigurationPlatforms) = postSolution
		{61996733-21B7-41E0-9D76-136F83CE0815}.Debug|Any CPU.ActiveCfg = Debug|Any CPU
		{61996733-21B7-41E0-9D76-136F83CE0815}.Debug|Any CPU.Build.0 = Debug|Any CPU
		{61996733-21B7-41E0-9D76-136F83CE0815}.Release|Any CPU.ActiveCfg = Release|Any CPU
		{61996733-21B7-41E0-9D76-136F83CE0815}.Release|Any CPU.Build.0 = Release|Any CPU
	EndGlobalSection
	GlobalSection(SolutionProperties) = preSolution
		HideSolutionNode = FALSE
	EndGlobalSection
	GlobalSection(ExtensibilityGlobals) = postSolution
		SolutionGuid = {40DBEE11-380F-436D-B162-11F6975141C6}
	EndGlobalSection
EndGlobal
